
Microsoft Visual Studio Solution File, Format Version 12.00
# Visual Studio Version 17
VisualStudioVersion = 17.9.34607.119
MinimumVisualStudioVersion = 10.0.40219.1
Project("{888888A0-9F3D-457C-B088-3A5042F75D52}") = "LoginPageTest", "LoginPageTest.pyproj", "{4ADBF30C-E201-4BF9-82DC-77D12A55ADCC}"
EndProject
Global
	GlobalSection(SolutionConfigurationPlatforms) = preSolution
		Debug|Any CPU = Debug|Any CPU
		Release|Any CPU = Release|Any CPU
	EndGlobalSection
	GlobalSection(ProjectConfigurationPlatforms) = postSolution
		{4ADBF30C-E201-4BF9-82DC-77D12A55ADCC}.Debug|Any CPU.ActiveCfg = Debug|Any CPU
		{4ADBF30C-E201-4BF9-82DC-77D12A55ADCC}.Release|Any CPU.ActiveCfg = Release|Any CPU
	EndGlobalSection
	GlobalSection(SolutionProperties) = preSolution
		HideSolutionNode = FALSE
	EndGlobalSection
	GlobalSection(ExtensibilityGlobals) = postSolution
		SolutionGuid = {68BFAB9E-870D-4C94-BB81-41710A440C2D}
	EndGlobalSection
EndGlobal
